
Microsoft Visual Studio Solution File, Format Version 12.00
# Visual Studio Version 17
VisualStudioVersion = 17.9.34616.47
MinimumVisualStudioVersion = 10.0.40219.1
Project("{2150E333-8FDC-42A3-9474-1A3956D46DE8}") = "Solution Items", "Solution Items", "{D82EEB55-F628-4FF2-87AE-F329CD713D01}"
	ProjectSection(SolutionItems) = preProject
		docker-compose.yml = docker-compose.yml
		README.md = README.md
	EndProjectSection
EndProject
Project("{9A19103F-16F7-4668-BE54-9A1E7A4F7556}") = "Examination.API", "src\Examination\Examination.API\Examination.API.csproj", "{64491A5E-11A2-4EFD-A496-90BA4D52AFB7}"
EndProject
Project("{2150E333-8FDC-42A3-9474-1A3956D46DE8}") = "src", "src", "{68357A58-B34E-4C84-8DA1-588C39D94473}"
EndProject
Project("{2150E333-8FDC-42A3-9474-1A3956D46DE8}") = "Examination", "Examination", "{097BC966-EB2D-4DC9-87A9-C138EADDBA57}"
EndProject
Project("{9A19103F-16F7-4668-BE54-9A1E7A4F7556}") = "Examination.Application", "src\Examination\Examination.Application\Examination.Application.csproj", "{E208793A-F15D-4F29-A925-31D9AB283099}"
EndProject
Project("{9A19103F-16F7-4668-BE54-9A1E7A4F7556}") = "Examination.Domain", "src\Examination\Examination.Domain\Examination.Domain.csproj", "{6DF07943-C55B-4D6E-9757-5FDAC3E4E55B}"
EndProject
Project("{9A19103F-16F7-4668-BE54-9A1E7A4F7556}") = "Examination.Infrastructure", "src\Examination\Examination.Infrastructure\Examination.Infrastructure.csproj", "{BE36247C-266B-44B3-B9F0-2E9E5C354C2A}"
EndProject
Project("{2150E333-8FDC-42A3-9474-1A3956D46DE8}") = "Identity", "Identity", "{718C74A8-968E-40A9-9B07-E4FF88EAA95D}"
EndProject
Project("{2150E333-8FDC-42A3-9474-1A3956D46DE8}") = "tests", "tests", "{8365C254-930B-4CA8-B69C-39D10B95CC75}"
EndProject
Project("{2150E333-8FDC-42A3-9474-1A3956D46DE8}") = "Examination", "Examination", "{CB7EEAAD-2630-4107-BF53-99CC5BBD43A9}"
EndProject
Project("{9A19103F-16F7-4668-BE54-9A1E7A4F7556}") = "Examination.API.IntegrationTests", "tests\Examination\Examination.API.IntegrationTests\Examination.API.IntegrationTests.csproj", "{43E835FF-9B72-4674-8A33-4A2D56EEE97F}"
EndProject
Project("{9A19103F-16F7-4668-BE54-9A1E7A4F7556}") = "Examination.Application.UnitTest", "tests\Examination\Examination.Application.UnitTest\Examination.Application.UnitTest.csproj", "{AD83ABF8-93E7-4745-AA57-EB8C9037261B}"
EndProject
Project("{9A19103F-16F7-4668-BE54-9A1E7A4F7556}") = "Examination.Domain.UnitTest", "tests\Examination\Examination.Domain.UnitTest\Examination.Domain.UnitTest.csproj", "{49872C68-D7B1-4DDC-AA08-7D743EED276F}"
EndProject
Project("{9A19103F-16F7-4668-BE54-9A1E7A4F7556}") = "Examination.Infrastructure.IntegrationTests", "tests\Examination\Examination.Infrastructure.IntegrationTests\Examination.Infrastructure.IntegrationTests.csproj", "{72AA3C17-E373-4BAF-923F-73914EDFA1F6}"
EndProject
Project("{2150E333-8FDC-42A3-9474-1A3956D46DE8}") = "Identity", "Identity", "{A53C27EF-3070-4C91-B759-87916FF53DA5}"
EndProject
Project("{9A19103F-16F7-4668-BE54-9A1E7A4F7556}") = "Identity.API.IntegrationTests", "tests\Identity\Identity.API.IntegrationTests\Identity.API.IntegrationTests.csproj", "{B88C6FD2-514F-423A-9ECD-E316E5194A09}"
EndProject
Project("{2150E333-8FDC-42A3-9474-1A3956D46DE8}") = "BuildingBlocks", "BuildingBlocks", "{F2970682-36BD-49E8-8D4A-465B2DC193FF}"
EndProject
Project("{9A19103F-16F7-4668-BE54-9A1E7A4F7556}") = "Examination.Dtos", "BuildingBlocks\Examination.Dtos\Examination.Dtos.csproj", "{9473F620-2398-4DBA-BF12-84E9F0034058}"
EndProject
Project("{9A19103F-16F7-4668-BE54-9A1E7A4F7556}") = "Identity.Admin", "src\Identity\Identity.Admin\Identity.Admin.csproj", "{BFFDDDAA-3E53-4AB6-96E3-6DA098F37BEB}"
EndProject
Project("{9A19103F-16F7-4668-BE54-9A1E7A4F7556}") = "Identity.Admin.BusinessLogic", "src\Identity\Identity.Admin.BusinessLogic\Identity.Admin.BusinessLogic.csproj", "{E5204A6D-F50D-41CE-89BC-F121E364217A}"
EndProject
Project("{9A19103F-16F7-4668-BE54-9A1E7A4F7556}") = "Identity.Admin.BusinessLogic.Identity", "src\Identity\Identity.Admin.BusinessLogic.Identity\Identity.Admin.BusinessLogic.Identity.csproj", "{77F8DC82-E687-4E85-A3EF-7F670A6A8F3E}"
EndProject
Project("{9A19103F-16F7-4668-BE54-9A1E7A4F7556}") = "Identity.Admin.BusinessLogic.Shared", "src\Identity\Identity.Admin.BusinessLogic.Shared\Identity.Admin.BusinessLogic.Shared.csproj", "{56C5AE6A-4224-46BE-990F-59C5E98F8D88}"
EndProject
Project("{9A19103F-16F7-4668-BE54-9A1E7A4F7556}") = "Identity.Admin.EntityFramework", "src\Identity\Identity.Admin.EntityFramework\Identity.Admin.EntityFramework.csproj", "{A5285941-15B4-4EFB-B5E8-2DF445694F09}"
EndProject
Project("{9A19103F-16F7-4668-BE54-9A1E7A4F7556}") = "Identity.Admin.EntityFramework.Configuration", "src\Identity\Identity.Admin.EntityFramework.Configuration\Identity.Admin.EntityFramework.Configuration.csproj", "{3C48085E-4866-46C7-AFA0-E51C259862FE}"
EndProject
Project("{9A19103F-16F7-4668-BE54-9A1E7A4F7556}") = "Identity.Admin.EntityFramework.Extensions", "src\Identity\Identity.Admin.EntityFramework.Extensions\Identity.Admin.EntityFramework.Extensions.csproj", "{7B4FE925-DF4C-4933-946D-29E2762B724D}"
EndProject
Project("{9A19103F-16F7-4668-BE54-9A1E7A4F7556}") = "Identity.Admin.EntityFramework.Identity", "src\Identity\Identity.Admin.EntityFramework.Identity\Identity.Admin.EntityFramework.Identity.csproj", "{DB0BE2DD-E834-439F-8C5D-4A3916DA8991}"
EndProject
Project("{9A19103F-16F7-4668-BE54-9A1E7A4F7556}") = "Identity.Admin.EntityFramework.Shared", "src\Identity\Identity.Admin.EntityFramework.Shared\Identity.Admin.EntityFramework.Shared.csproj", "{8E84C528-A38A-458A-8733-69B79B958BEE}"
EndProject
Project("{9A19103F-16F7-4668-BE54-9A1E7A4F7556}") = "Identity.Admin.EntityFramework.SqlServer", "src\Identity\Identity.Admin.EntityFramework.SqlServer\Identity.Admin.EntityFramework.SqlServer.csproj", "{BD6D6314-3A19-4BF4-BDA0-6286431DB8EA}"
EndProject
Project("{9A19103F-16F7-4668-BE54-9A1E7A4F7556}") = "Identity.Admin.UI", "src\Identity\Identity.Admin.UI\Identity.Admin.UI.csproj", "{06FF63E6-BDB8-4E49-A4E3-D1F7D2834F55}"
EndProject
Project("{9A19103F-16F7-4668-BE54-9A1E7A4F7556}") = "Identity.Shared", "src\Identity\Identity.Shared\Identity.Shared.csproj", "{3EFD3F74-CCDA-4E52-A6AF-8F14C52ACE0A}"
EndProject
Project("{9A19103F-16F7-4668-BE54-9A1E7A4F7556}") = "Identity.Shared.Configuration", "src\Identity\Identity.Shared.Configuration\Identity.Shared.Configuration.csproj", "{C7B60183-E547-4FF4-8A96-6966A2A99B46}"
EndProject
Project("{9A19103F-16F7-4668-BE54-9A1E7A4F7556}") = "Identity.STS.Identity", "src\Identity\Identity.STS.Identity\Identity.STS.Identity.csproj", "{87BFC6C6-04FB-4F47-9289-2D920F5640FE}"
EndProject
Global
	GlobalSection(SolutionConfigurationPlatforms) = preSolution
		Debug|Any CPU = Debug|Any CPU
		Release|Any CPU = Release|Any CPU
	EndGlobalSection
	GlobalSection(ProjectConfigurationPlatforms) = postSolution
		{64491A5E-11A2-4EFD-A496-90BA4D52AFB7}.Debug|Any CPU.ActiveCfg = Debug|Any CPU
		{64491A5E-11A2-4EFD-A496-90BA4D52AFB7}.Debug|Any CPU.Build.0 = Debug|Any CPU
		{64491A5E-11A2-4EFD-A496-90BA4D52AFB7}.Release|Any CPU.ActiveCfg = Release|Any CPU
		{64491A5E-11A2-4EFD-A496-90BA4D52AFB7}.Release|Any CPU.Build.0 = Release|Any CPU
		{E208793A-F15D-4F29-A925-31D9AB283099}.Debug|Any CPU.ActiveCfg = Debug|Any CPU
		{E208793A-F15D-4F29-A925-31D9AB283099}.Debug|Any CPU.Build.0 = Debug|Any CPU
		{E208793A-F15D-4F29-A925-31D9AB283099}.Release|Any CPU.ActiveCfg = Release|Any CPU
		{E208793A-F15D-4F29-A925-31D9AB283099}.Release|Any CPU.Build.0 = Release|Any CPU
		{6DF07943-C55B-4D6E-9757-5FDAC3E4E55B}.Debug|Any CPU.ActiveCfg = Debug|Any CPU
		{6DF07943-C55B-4D6E-9757-5FDAC3E4E55B}.Debug|Any CPU.Build.0 = Debug|Any CPU
		{6DF07943-C55B-4D6E-9757-5FDAC3E4E55B}.Release|Any CPU.ActiveCfg = Release|Any CPU
		{6DF07943-C55B-4D6E-9757-5FDAC3E4E55B}.Release|Any CPU.Build.0 = Release|Any CPU
		{BE36247C-266B-44B3-B9F0-2E9E5C354C2A}.Debug|Any CPU.ActiveCfg = Debug|Any CPU
		{BE36247C-266B-44B3-B9F0-2E9E5C354C2A}.Debug|Any CPU.Build.0 = Debug|Any CPU
		{BE36247C-266B-44B3-B9F0-2E9E5C354C2A}.Release|Any CPU.ActiveCfg = Release|Any CPU
		{BE36247C-266B-44B3-B9F0-2E9E5C354C2A}.Release|Any CPU.Build.0 = Release|Any CPU
		{43E835FF-9B72-4674-8A33-4A2D56EEE97F}.Debug|Any CPU.ActiveCfg = Debug|Any CPU
		{43E835FF-9B72-4674-8A33-4A2D56EEE97F}.Debug|Any CPU.Build.0 = Debug|Any CPU
		{43E835FF-9B72-4674-8A33-4A2D56EEE97F}.Release|Any CPU.ActiveCfg = Release|Any CPU
		{43E835FF-9B72-4674-8A33-4A2D56EEE97F}.Release|Any CPU.Build.0 = Release|Any CPU
		{AD83ABF8-93E7-4745-AA57-EB8C9037261B}.Debug|Any CPU.ActiveCfg = Debug|Any CPU
		{AD83ABF8-93E7-4745-AA57-EB8C9037261B}.Debug|Any CPU.Build.0 = Debug|Any CPU
		{AD83ABF8-93E7-4745-AA57-EB8C9037261B}.Release|Any CPU.ActiveCfg = Release|Any CPU
		{AD83ABF8-93E7-4745-AA57-EB8C9037261B}.Release|Any CPU.Build.0 = Release|Any CPU
		{49872C68-D7B1-4DDC-AA08-7D743EED276F}.Debug|Any CPU.ActiveCfg = Debug|Any CPU
		{49872C68-D7B1-4DDC-AA08-7D743EED276F}.Debug|Any CPU.Build.0 = Debug|Any CPU
		{49872C68-D7B1-4DDC-AA08-7D743EED276F}.Release|Any CPU.ActiveCfg = Release|Any CPU
		{49872C68-D7B1-4DDC-AA08-7D743EED276F}.Release|Any CPU.Build.0 = Release|Any CPU
		{72AA3C17-E373-4BAF-923F-73914EDFA1F6}.Debug|Any CPU.ActiveCfg = Debug|Any CPU
		{72AA3C17-E373-4BAF-923F-73914EDFA1F6}.Debug|Any CPU.Build.0 = Debug|Any CPU
		{72AA3C17-E373-4BAF-923F-73914EDFA1F6}.Release|Any CPU.ActiveCfg = Release|Any CPU
		{72AA3C17-E373-4BAF-923F-73914EDFA1F6}.Release|Any CPU.Build.0 = Release|Any CPU
		{B88C6FD2-514F-423A-9ECD-E316E5194A09}.Debug|Any CPU.ActiveCfg = Debug|Any CPU
		{B88C6FD2-514F-423A-9ECD-E316E5194A09}.Debug|Any CPU.Build.0 = Debug|Any CPU
		{B88C6FD2-514F-423A-9ECD-E316E5194A09}.Release|Any CPU.ActiveCfg = Release|Any CPU
		{B88C6FD2-514F-423A-9ECD-E316E5194A09}.Release|Any CPU.Build.0 = Release|Any CPU
		{9473F620-2398-4DBA-BF12-84E9F0034058}.Debug|Any CPU.ActiveCfg = Debug|Any CPU
		{9473F620-2398-4DBA-BF12-84E9F0034058}.Debug|Any CPU.Build.0 = Debug|Any CPU
		{9473F620-2398-4DBA-BF12-84E9F0034058}.Release|Any CPU.ActiveCfg = Release|Any CPU
		{9473F620-2398-4DBA-BF12-84E9F0034058}.Release|Any CPU.Build.0 = Release|Any CPU
		{BFFDDDAA-3E53-4AB6-96E3-6DA098F37BEB}.Debug|Any CPU.ActiveCfg = Debug|Any CPU
		{BFFDDDAA-3E53-4AB6-96E3-6DA098F37BEB}.Debug|Any CPU.Build.0 = Debug|Any CPU
		{BFFDDDAA-3E53-4AB6-96E3-6DA098F37BEB}.Release|Any CPU.ActiveCfg = Release|Any CPU
		{BFFDDDAA-3E53-4AB6-96E3-6DA098F37BEB}.Release|Any CPU.Build.0 = Release|Any CPU
		{E5204A6D-F50D-41CE-89BC-F121E364217A}.Debug|Any CPU.ActiveCfg = Debug|Any CPU
		{E5204A6D-F50D-41CE-89BC-F121E364217A}.Debug|Any CPU.Build.0 = Debug|Any CPU
		{E5204A6D-F50D-41CE-89BC-F121E364217A}.Release|Any CPU.ActiveCfg = Release|Any CPU
		{E5204A6D-F50D-41CE-89BC-F121E364217A}.Release|Any CPU.Build.0 = Release|Any CPU
		{77F8DC82-E687-4E85-A3EF-7F670A6A8F3E}.Debug|Any CPU.ActiveCfg = Debug|Any CPU
		{77F8DC82-E687-4E85-A3EF-7F670A6A8F3E}.Debug|Any CPU.Build.0 = Debug|Any CPU
		{77F8DC82-E687-4E85-A3EF-7F670A6A8F3E}.Release|Any CPU.ActiveCfg = Release|Any CPU
		{77F8DC82-E687-4E85-A3EF-7F670A6A8F3E}.Release|Any CPU.Build.0 = Release|Any CPU
		{56C5AE6A-4224-46BE-990F-59C5E98F8D88}.Debug|Any CPU.ActiveCfg = Debug|Any CPU
		{56C5AE6A-4224-46BE-990F-59C5E98F8D88}.Debug|Any CPU.Build.0 = Debug|Any CPU
		{56C5AE6A-4224-46BE-990F-59C5E98F8D88}.Release|Any CPU.ActiveCfg = Release|Any CPU
		{56C5AE6A-4224-46BE-990F-59C5E98F8D88}.Release|Any CPU.Build.0 = Release|Any CPU
		{A5285941-15B4-4EFB-B5E8-2DF445694F09}.Debug|Any CPU.ActiveCfg = Debug|Any CPU
		{A5285941-15B4-4EFB-B5E8-2DF445694F09}.Debug|Any CPU.Build.0 = Debug|Any CPU
		{A5285941-15B4-4EFB-B5E8-2DF445694F09}.Release|Any CPU.ActiveCfg = Release|Any CPU
		{A5285941-15B4-4EFB-B5E8-2DF445694F09}.Release|Any CPU.Build.0 = Release|Any CPU
		{3C48085E-4866-46C7-AFA0-E51C259862FE}.Debug|Any CPU.ActiveCfg = Debug|Any CPU
		{3C48085E-4866-46C7-AFA0-E51C259862FE}.Debug|Any CPU.Build.0 = Debug|Any CPU
		{3C48085E-4866-46C7-AFA0-E51C259862FE}.Release|Any CPU.ActiveCfg = Release|Any CPU
		{3C48085E-4866-46C7-AFA0-E51C259862FE}.Release|Any CPU.Build.0 = Release|Any CPU
		{7B4FE925-DF4C-4933-946D-29E2762B724D}.Debug|Any CPU.ActiveCfg = Debug|Any CPU
		{7B4FE925-DF4C-4933-946D-29E2762B724D}.Debug|Any CPU.Build.0 = Debug|Any CPU
		{7B4FE925-DF4C-4933-946D-29E2762B724D}.Release|Any CPU.ActiveCfg = Release|Any CPU
		{7B4FE925-DF4C-4933-946D-29E2762B724D}.Release|Any CPU.Build.0 = Release|Any CPU
		{DB0BE2DD-E834-439F-8C5D-4A3916DA8991}.Debug|Any CPU.ActiveCfg = Debug|Any CPU
		{DB0BE2DD-E834-439F-8C5D-4A3916DA8991}.Debug|Any CPU.Build.0 = Debug|Any CPU
		{DB0BE2DD-E834-439F-8C5D-4A3916DA8991}.Release|Any CPU.ActiveCfg = Release|Any CPU
		{DB0BE2DD-E834-439F-8C5D-4A3916DA8991}.Release|Any CPU.Build.0 = Release|Any CPU
		{8E84C528-A38A-458A-8733-69B79B958BEE}.Debug|Any CPU.ActiveCfg = Debug|Any CPU
		{8E84C528-A38A-458A-8733-69B79B958BEE}.Debug|Any CPU.Build.0 = Debug|Any CPU
		{8E84C528-A38A-458A-8733-69B79B958BEE}.Release|Any CPU.ActiveCfg = Release|Any CPU
		{8E84C528-A38A-458A-8733-69B79B958BEE}.Release|Any CPU.Build.0 = Release|Any CPU
		{BD6D6314-3A19-4BF4-BDA0-6286431DB8EA}.Debug|Any CPU.ActiveCfg = Debug|Any CPU
		{BD6D6314-3A19-4BF4-BDA0-6286431DB8EA}.Debug|Any CPU.Build.0 = Debug|Any CPU
		{BD6D6314-3A19-4BF4-BDA0-6286431DB8EA}.Release|Any CPU.ActiveCfg = Release|Any CPU
		{BD6D6314-3A19-4BF4-BDA0-6286431DB8EA}.Release|Any CPU.Build.0 = Release|Any CPU
		{06FF63E6-BDB8-4E49-A4E3-D1F7D2834F55}.Debug|Any CPU.ActiveCfg = Debug|Any CPU
		{06FF63E6-BDB8-4E49-A4E3-D1F7D2834F55}.Debug|Any CPU.Build.0 = Debug|Any CPU
		{06FF63E6-BDB8-4E49-A4E3-D1F7D2834F55}.Release|Any CPU.ActiveCfg = Release|Any CPU
		{06FF63E6-BDB8-4E49-A4E3-D1F7D2834F55}.Release|Any CPU.Build.0 = Release|Any CPU
		{3EFD3F74-CCDA-4E52-A6AF-8F14C52ACE0A}.Debug|Any CPU.ActiveCfg = Debug|Any CPU
		{3EFD3F74-CCDA-4E52-A6AF-8F14C52ACE0A}.Debug|Any CPU.Build.0 = Debug|Any CPU
		{3EFD3F74-CCDA-4E52-A6AF-8F14C52ACE0A}.Release|Any CPU.ActiveCfg = Release|Any CPU
		{3EFD3F74-CCDA-4E52-A6AF-8F14C52ACE0A}.Release|Any CPU.Build.0 = Release|Any CPU
		{C7B60183-E547-4FF4-8A96-6966A2A99B46}.Debug|Any CPU.ActiveCfg = Debug|Any CPU
		{C7B60183-E547-4FF4-8A96-6966A2A99B46}.Debug|Any CPU.Build.0 = Debug|Any CPU
		{C7B60183-E547-4FF4-8A96-6966A2A99B46}.Release|Any CPU.ActiveCfg = Release|Any CPU
		{C7B60183-E547-4FF4-8A96-6966A2A99B46}.Release|Any CPU.Build.0 = Release|Any CPU
		{87BFC6C6-04FB-4F47-9289-2D920F5640FE}.Debug|Any CPU.ActiveCfg = Debug|Any CPU
		{87BFC6C6-04FB-4F47-9289-2D920F5640FE}.Debug|Any CPU.Build.0 = Debug|Any CPU
		{87BFC6C6-04FB-4F47-9289-2D920F5640FE}.Release|Any CPU.ActiveCfg = Release|Any CPU
		{87BFC6C6-04FB-4F47-9289-2D920F5640FE}.Release|Any CPU.Build.0 = Release|Any CPU
	EndGlobalSection
	GlobalSection(SolutionProperties) = preSolution
		HideSolutionNode = FALSE
	EndGlobalSection
	GlobalSection(NestedProjects) = preSolution
		{64491A5E-11A2-4EFD-A496-90BA4D52AFB7} = {097BC966-EB2D-4DC9-87A9-C138EADDBA57}
		{097BC966-EB2D-4DC9-87A9-C138EADDBA57} = {68357A58-B34E-4C84-8DA1-588C39D94473}
		{E208793A-F15D-4F29-A925-31D9AB283099} = {097BC966-EB2D-4DC9-87A9-C138EADDBA57}
		{6DF07943-C55B-4D6E-9757-5FDAC3E4E55B} = {097BC966-EB2D-4DC9-87A9-C138EADDBA57}
		{BE36247C-266B-44B3-B9F0-2E9E5C354C2A} = {097BC966-EB2D-4DC9-87A9-C138EADDBA57}
		{718C74A8-968E-40A9-9B07-E4FF88EAA95D} = {68357A58-B34E-4C84-8DA1-588C39D94473}
		{CB7EEAAD-2630-4107-BF53-99CC5BBD43A9} = {8365C254-930B-4CA8-B69C-39D10B95CC75}
		{43E835FF-9B72-4674-8A33-4A2D56EEE97F} = {CB7EEAAD-2630-4107-BF53-99CC5BBD43A9}
		{AD83ABF8-93E7-4745-AA57-EB8C9037261B} = {CB7EEAAD-2630-4107-BF53-99CC5BBD43A9}
		{49872C68-D7B1-4DDC-AA08-7D743EED276F} = {CB7EEAAD-2630-4107-BF53-99CC5BBD43A9}
		{72AA3C17-E373-4BAF-923F-73914EDFA1F6} = {CB7EEAAD-2630-4107-BF53-99CC5BBD43A9}
		{A53C27EF-3070-4C91-B759-87916FF53DA5} = {8365C254-930B-4CA8-B69C-39D10B95CC75}
		{B88C6FD2-514F-423A-9ECD-E316E5194A09} = {A53C27EF-3070-4C91-B759-87916FF53DA5}
		{9473F620-2398-4DBA-BF12-84E9F0034058} = {F2970682-36BD-49E8-8D4A-465B2DC193FF}
		{BFFDDDAA-3E53-4AB6-96E3-6DA098F37BEB} = {718C74A8-968E-40A9-9B07-E4FF88EAA95D}
		{E5204A6D-F50D-41CE-89BC-F121E364217A} = {718C74A8-968E-40A9-9B07-E4FF88EAA95D}
		{77F8DC82-E687-4E85-A3EF-7F670A6A8F3E} = {718C74A8-968E-40A9-9B07-E4FF88EAA95D}
		{56C5AE6A-4224-46BE-990F-59C5E98F8D88} = {718C74A8-968E-40A9-9B07-E4FF88EAA95D}
		{A5285941-15B4-4EFB-B5E8-2DF445694F09} = {718C74A8-968E-40A9-9B07-E4FF88EAA95D}
		{3C48085E-4866-46C7-AFA0-E51C259862FE} = {718C74A8-968E-40A9-9B07-E4FF88EAA95D}
		{7B4FE925-DF4C-4933-946D-29E2762B724D} = {718C74A8-968E-40A9-9B07-E4FF88EAA95D}
		{DB0BE2DD-E834-439F-8C5D-4A3916DA8991} = {718C74A8-968E-40A9-9B07-E4FF88EAA95D}
		{8E84C528-A38A-458A-8733-69B79B958BEE} = {718C74A8-968E-40A9-9B07-E4FF88EAA95D}
		{BD6D6314-3A19-4BF4-BDA0-6286431DB8EA} = {718C74A8-968E-40A9-9B07-E4FF88EAA95D}
		{06FF63E6-BDB8-4E49-A4E3-D1F7D2834F55} = {718C74A8-968E-40A9-9B07-E4FF88EAA95D}
		{3EFD3F74-CCDA-4E52-A6AF-8F14C52ACE0A} = {718C74A8-968E-40A9-9B07-E4FF88EAA95D}
		{C7B60183-E547-4FF4-8A96-6966A2A99B46} = {718C74A8-968E-40A9-9B07-E4FF88EAA95D}
		{87BFC6C6-04FB-4F47-9289-2D920F5640FE} = {718C74A8-968E-40A9-9B07-E4FF88EAA95D}
	EndGlobalSection
	GlobalSection(ExtensibilityGlobals) = postSolution
		SolutionGuid = {C5F90C05-C7B0-49C8-92A3-A67886350E29}
	EndGlobalSection
EndGlobal
